
Microsoft Visual Studio Solution File, Format Version 12.00
# Visual Studio Version 17
VisualStudioVersion = 17.8.34330.188
MinimumVisualStudioVersion = 10.0.40219.1
Project("{9A19103F-16F7-4668-BE54-9A1E7A4F7556}") = "ChequeWriter", "ChequeWriter.csproj", "{398645D9-BD4F-4A5F-8ADB-CE6A34AEF49C}"
EndProject
Project("{9A19103F-16F7-4668-BE54-9A1E7A4F7556}") = "Resources", "Resources\Resources.csproj", "{0275084E-8932-4B43-BD43-979A82D0AA6F}"
EndProject
Project("{9A19103F-16F7-4668-BE54-9A1E7A4F7556}") = "ChequeWriter.DbInitializer", "ChequeWriter.DbInitializer\ChequeWriter.DbInitializer.csproj", "{91274B72-F9EE-4EF5-9CB5-6ACA4550558C}"
EndProject
Global
	GlobalSection(SolutionConfigurationPlatforms) = preSolution
		Debug|Any CPU = Debug|Any CPU
		Release|Any CPU = Release|Any CPU
	EndGlobalSection
	GlobalSection(ProjectConfigurationPlatforms) = postSolution
		{398645D9-BD4F-4A5F-8ADB-CE6A34AEF49C}.Debug|Any CPU.ActiveCfg = Debug|Any CPU
		{398645D9-BD4F-4A5F-8ADB-CE6A34AEF49C}.Debug|Any CPU.Build.0 = Debug|Any CPU
		{398645D9-BD4F-4A5F-8ADB-CE6A34AEF49C}.Release|Any CPU.ActiveCfg = Release|Any CPU
		{398645D9-BD4F-4A5F-8ADB-CE6A34AEF49C}.Release|Any CPU.Build.0 = Release|Any CPU
		{0275084E-8932-4B43-BD43-979A82D0AA6F}.Debug|Any CPU.ActiveCfg = Debug|Any CPU
		{0275084E-8932-4B43-BD43-979A82D0AA6F}.Debug|Any CPU.Build.0 = Debug|Any CPU
		{0275084E-8932-4B43-BD43-979A82D0AA6F}.Release|Any CPU.ActiveCfg = Release|Any CPU
		{0275084E-8932-4B43-BD43-979A82D0AA6F}.Release|Any CPU.Build.0 = Release|Any CPU
		{91274B72-F9EE-4EF5-9CB5-6ACA4550558C}.Debug|Any CPU.ActiveCfg = Debug|Any CPU
		{91274B72-F9EE-4EF5-9CB5-6ACA4550558C}.Debug|Any CPU.Build.0 = Debug|Any CPU
		{91274B72-F9EE-4EF5-9CB5-6ACA4550558C}.Release|Any CPU.ActiveCfg = Release|Any CPU
		{91274B72-F9EE-4EF5-9CB5-6ACA4550558C}.Release|Any CPU.Build.0 = Release|Any CPU
	EndGlobalSection
	GlobalSection(SolutionProperties) = preSolution
		HideSolutionNode = FALSE
	EndGlobalSection
	GlobalSection(ExtensibilityGlobals) = postSolution
		SolutionGuid = {BD4FE237-5395-4A7A-A42E-4D4FEAD8502B}
	EndGlobalSection
EndGlobal
