
Microsoft Visual Studio Solution File, Format Version 12.00
# Visual Studio Version 17
VisualStudioVersion = 17.8.34330.188
MinimumVisualStudioVersion = 10.0.40219.1
Project("{9A19103F-16F7-4668-BE54-9A1E7A4F7556}") = "ChequeWriter", "ChequeWriter.csproj", "{398645D9-BD4F-4A5F-8ADB-CE6A34AEF49C}"
EndProject
Project("{9A19103F-16F7-4668-BE54-9A1E7A4F7556}") = "Resources", "Resources\Resources.csproj", "{0275084E-8932-4B43-BD43-979A82D0AA6F}"
EndProject
Project("{9A19103F-16F7-4668-BE54-9A1E7A4F7556}") = "ChequeWriter.DbInitializer", "ChequeWriter.DbInitializer\ChequeWriter.DbInitializer.csproj", "{91274B72-F9EE-4EF5-9CB5-6ACA4550558C}"
EndProject
Project("{2150E333-8FDC-42A3-9474-1A3956D46DE8}") = "Modules", "Modules", "{53EF5F11-B4DA-4ADB-BD5B-0A84E89DADB4}"
EndProject
Project("{9A19103F-16F7-4668-BE54-9A1E7A4F7556}") = "ChequeModule", "Modules\ChequeModule\ChequeModule.csproj", "{986D83AF-F5C7-4E8E-A36E-F09CE727F9E1}"
EndProject
Project("{9A19103F-16F7-4668-BE54-9A1E7A4F7556}") = "ReportModule", "Modules\ReportModule\ReportModule.csproj", "{F4E7B129-DB3E-4FCA-826A-56241A1E6162}"
EndProject
Project("{9A19103F-16F7-4668-BE54-9A1E7A4F7556}") = "MainModule", "Modules\MainModule\MainModule.csproj", "{122DB8FF-66D4-4599-8A4B-7BD1860D2D53}"
EndProject
Project("{2150E333-8FDC-42A3-9474-1A3956D46DE8}") = "Services", "Services", "{2F6BAEED-3FF9-40C1-A725-70D27FC040F6}"
EndProject
Project("{9A19103F-16F7-4668-BE54-9A1E7A4F7556}") = "DataServices", "Services\DataServices\DataServices.csproj", "{1AC5EA38-2F42-4518-95FD-70B88E6E7763}"
EndProject
Project("{9A19103F-16F7-4668-BE54-9A1E7A4F7556}") = "ChequeWriter.DbInitializer.Console", "ChequeWriter.DbInitializer.Console\ChequeWriter.DbInitializer.Console.csproj", "{2EEDB513-9C66-4287-89A3-7BF908137EF7}"
EndProject
Project("{FAE04EC0-301F-11D3-BF4B-00C04F79EFBC}") = "UserModule", "Modules\UserModule\UserModule.csproj", "{CAC57CE1-09F2-4AF6-8011-3D2C70B0642D}"
EndProject
Global
	GlobalSection(SolutionConfigurationPlatforms) = preSolution
		Debug|Any CPU = Debug|Any CPU
		Release|Any CPU = Release|Any CPU
	EndGlobalSection
	GlobalSection(ProjectConfigurationPlatforms) = postSolution
		{398645D9-BD4F-4A5F-8ADB-CE6A34AEF49C}.Debug|Any CPU.ActiveCfg = Debug|Any CPU
		{398645D9-BD4F-4A5F-8ADB-CE6A34AEF49C}.Debug|Any CPU.Build.0 = Debug|Any CPU
		{398645D9-BD4F-4A5F-8ADB-CE6A34AEF49C}.Release|Any CPU.ActiveCfg = Release|Any CPU
		{398645D9-BD4F-4A5F-8ADB-CE6A34AEF49C}.Release|Any CPU.Build.0 = Release|Any CPU
		{0275084E-8932-4B43-BD43-979A82D0AA6F}.Debug|Any CPU.ActiveCfg = Debug|Any CPU
		{0275084E-8932-4B43-BD43-979A82D0AA6F}.Debug|Any CPU.Build.0 = Debug|Any CPU
		{0275084E-8932-4B43-BD43-979A82D0AA6F}.Release|Any CPU.ActiveCfg = Release|Any CPU
		{0275084E-8932-4B43-BD43-979A82D0AA6F}.Release|Any CPU.Build.0 = Release|Any CPU
		{91274B72-F9EE-4EF5-9CB5-6ACA4550558C}.Debug|Any CPU.ActiveCfg = Debug|Any CPU
		{91274B72-F9EE-4EF5-9CB5-6ACA4550558C}.Debug|Any CPU.Build.0 = Debug|Any CPU
		{91274B72-F9EE-4EF5-9CB5-6ACA4550558C}.Release|Any CPU.ActiveCfg = Release|Any CPU
		{91274B72-F9EE-4EF5-9CB5-6ACA4550558C}.Release|Any CPU.Build.0 = Release|Any CPU
		{986D83AF-F5C7-4E8E-A36E-F09CE727F9E1}.Debug|Any CPU.ActiveCfg = Debug|Any CPU
		{986D83AF-F5C7-4E8E-A36E-F09CE727F9E1}.Debug|Any CPU.Build.0 = Debug|Any CPU
		{986D83AF-F5C7-4E8E-A36E-F09CE727F9E1}.Release|Any CPU.ActiveCfg = Release|Any CPU
		{986D83AF-F5C7-4E8E-A36E-F09CE727F9E1}.Release|Any CPU.Build.0 = Release|Any CPU
		{F4E7B129-DB3E-4FCA-826A-56241A1E6162}.Debug|Any CPU.ActiveCfg = Debug|Any CPU
		{F4E7B129-DB3E-4FCA-826A-56241A1E6162}.Debug|Any CPU.Build.0 = Debug|Any CPU
		{F4E7B129-DB3E-4FCA-826A-56241A1E6162}.Release|Any CPU.ActiveCfg = Release|Any CPU
		{F4E7B129-DB3E-4FCA-826A-56241A1E6162}.Release|Any CPU.Build.0 = Release|Any CPU
		{122DB8FF-66D4-4599-8A4B-7BD1860D2D53}.Debug|Any CPU.ActiveCfg = Debug|Any CPU
		{122DB8FF-66D4-4599-8A4B-7BD1860D2D53}.Debug|Any CPU.Build.0 = Debug|Any CPU
		{122DB8FF-66D4-4599-8A4B-7BD1860D2D53}.Release|Any CPU.ActiveCfg = Release|Any CPU
		{122DB8FF-66D4-4599-8A4B-7BD1860D2D53}.Release|Any CPU.Build.0 = Release|Any CPU
		{1AC5EA38-2F42-4518-95FD-70B88E6E7763}.Debug|Any CPU.ActiveCfg = Debug|Any CPU
		{1AC5EA38-2F42-4518-95FD-70B88E6E7763}.Debug|Any CPU.Build.0 = Debug|Any CPU
		{1AC5EA38-2F42-4518-95FD-70B88E6E7763}.Release|Any CPU.ActiveCfg = Release|Any CPU
		{1AC5EA38-2F42-4518-95FD-70B88E6E7763}.Release|Any CPU.Build.0 = Release|Any CPU
		{2EEDB513-9C66-4287-89A3-7BF908137EF7}.Debug|Any CPU.ActiveCfg = Debug|Any CPU
		{2EEDB513-9C66-4287-89A3-7BF908137EF7}.Debug|Any CPU.Build.0 = Debug|Any CPU
		{2EEDB513-9C66-4287-89A3-7BF908137EF7}.Release|Any CPU.ActiveCfg = Release|Any CPU
		{2EEDB513-9C66-4287-89A3-7BF908137EF7}.Release|Any CPU.Build.0 = Release|Any CPU
		{CAC57CE1-09F2-4AF6-8011-3D2C70B0642D}.Debug|Any CPU.ActiveCfg = Debug|Any CPU
		{CAC57CE1-09F2-4AF6-8011-3D2C70B0642D}.Debug|Any CPU.Build.0 = Debug|Any CPU
		{CAC57CE1-09F2-4AF6-8011-3D2C70B0642D}.Release|Any CPU.ActiveCfg = Release|Any CPU
		{CAC57CE1-09F2-4AF6-8011-3D2C70B0642D}.Release|Any CPU.Build.0 = Release|Any CPU
	EndGlobalSection
	GlobalSection(SolutionProperties) = preSolution
		HideSolutionNode = FALSE
	EndGlobalSection
	GlobalSection(NestedProjects) = preSolution
		{986D83AF-F5C7-4E8E-A36E-F09CE727F9E1} = {53EF5F11-B4DA-4ADB-BD5B-0A84E89DADB4}
		{F4E7B129-DB3E-4FCA-826A-56241A1E6162} = {53EF5F11-B4DA-4ADB-BD5B-0A84E89DADB4}
		{122DB8FF-66D4-4599-8A4B-7BD1860D2D53} = {53EF5F11-B4DA-4ADB-BD5B-0A84E89DADB4}
		{1AC5EA38-2F42-4518-95FD-70B88E6E7763} = {2F6BAEED-3FF9-40C1-A725-70D27FC040F6}
		{CAC57CE1-09F2-4AF6-8011-3D2C70B0642D} = {53EF5F11-B4DA-4ADB-BD5B-0A84E89DADB4}
	EndGlobalSection
	GlobalSection(ExtensibilityGlobals) = postSolution
		SolutionGuid = {BD4FE237-5395-4A7A-A42E-4D4FEAD8502B}
	EndGlobalSection
EndGlobal
